
Microsoft Visual Studio Solution File, Format Version 12.00
# Visual Studio Version 17
VisualStudioVersion = 17.5.33516.290
MinimumVisualStudioVersion = 10.0.40219.1
Project("{FAE04EC0-301F-11D3-BF4B-00C04F79EFBC}") = "nilai", "nilai\nilai.csproj", "{AC3A1E57-8AFE-40A4-A3A6-7EFAFB2D006E}"
EndProject
Global
	GlobalSection(SolutionConfigurationPlatforms) = preSolution
		Debug|Any CPU = Debug|Any CPU
		Release|Any CPU = Release|Any CPU
	EndGlobalSection
	GlobalSection(ProjectConfigurationPlatforms) = postSolution
		{AC3A1E57-8AFE-40A4-A3A6-7EFAFB2D006E}.Debug|Any CPU.ActiveCfg = Debug|Any CPU
		{AC3A1E57-8AFE-40A4-A3A6-7EFAFB2D006E}.Debug|Any CPU.Build.0 = Debug|Any CPU
		{AC3A1E57-8AFE-40A4-A3A6-7EFAFB2D006E}.Release|Any CPU.ActiveCfg = Release|Any CPU
		{AC3A1E57-8AFE-40A4-A3A6-7EFAFB2D006E}.Release|Any CPU.Build.0 = Release|Any CPU
	EndGlobalSection
	GlobalSection(SolutionProperties) = preSolution
		HideSolutionNode = FALSE
	EndGlobalSection
	GlobalSection(ExtensibilityGlobals) = postSolution
		SolutionGuid = {0EAA72D4-3981-4342-A7CF-124F75C35E76}
	EndGlobalSection
EndGlobal
